
Microsoft Visual Studio Solution File, Format Version 12.00
# Visual Studio Version 17
VisualStudioVersion = 17.7.34221.43
MinimumVisualStudioVersion = 10.0.40219.1
Project("{FAE04EC0-301F-11D3-BF4B-00C04F79EFBC}") = "my-library", "my-library.csproj", "{BED85FBA-190D-4F11-A012-BDB2C0D3B8B8}"
EndProject
Global
	GlobalSection(SolutionConfigurationPlatforms) = preSolution
		Debug|Any CPU = Debug|Any CPU
		Release|Any CPU = Release|Any CPU
	EndGlobalSection
	GlobalSection(ProjectConfigurationPlatforms) = postSolution
		{BED85FBA-190D-4F11-A012-BDB2C0D3B8B8}.Debug|Any CPU.ActiveCfg = Debug|Any CPU
		{BED85FBA-190D-4F11-A012-BDB2C0D3B8B8}.Debug|Any CPU.Build.0 = Debug|Any CPU
		{BED85FBA-190D-4F11-A012-BDB2C0D3B8B8}.Release|Any CPU.ActiveCfg = Release|Any CPU
		{BED85FBA-190D-4F11-A012-BDB2C0D3B8B8}.Release|Any CPU.Build.0 = Release|Any CPU
	EndGlobalSection
	GlobalSection(SolutionProperties) = preSolution
		HideSolutionNode = FALSE
	EndGlobalSection
	GlobalSection(ExtensibilityGlobals) = postSolution
		SolutionGuid = {54E02995-698D-4BEF-BA35-2B24615BDB9C}
	EndGlobalSection
EndGlobal
